// !$*UTF8*$!
{
	archiveVersion = 1;
	classes = {
	};
	objectVersion = 46;
	objects = {

/* Begin PBXBuildFile section */
		0D090ED91E99BBF10041B748 /* GoogleService-Info.plist in Resources */ = {isa = PBXBuildFile; fileRef = 0D090ED81E99BBF10041B748 /* GoogleService-Info.plist */; };
		0D1D7CBB1E95DA5B006D6779 /* ContactViewController.swift in Sources */ = {isa = PBXBuildFile; fileRef = 0D1D7CBA1E95DA5B006D6779 /* ContactViewController.swift */; };
		0D1D7CBD1E95DCD1006D6779 /* MailViewController.swift in Sources */ = {isa = PBXBuildFile; fileRef = 0D1D7CBC1E95DCD1006D6779 /* MailViewController.swift */; };
		0DD56A461E89E1430066C52F /* AppDelegate.swift in Sources */ = {isa = PBXBuildFile; fileRef = 0DD56A451E89E1430066C52F /* AppDelegate.swift */; };
		0DD56A481E89E1430066C52F /* FirstViewController.swift in Sources */ = {isa = PBXBuildFile; fileRef = 0DD56A471E89E1430066C52F /* FirstViewController.swift */; };
		0DD56A4A1E89E1430066C52F /* SecondViewController.swift in Sources */ = {isa = PBXBuildFile; fileRef = 0DD56A491E89E1430066C52F /* SecondViewController.swift */; };
		0DD56A4D1E89E1430066C52F /* Main.storyboard in Resources */ = {isa = PBXBuildFile; fileRef = 0DD56A4B1E89E1430066C52F /* Main.storyboard */; };
		0DD56A4F1E89E1430066C52F /* Assets.xcassets in Resources */ = {isa = PBXBuildFile; fileRef = 0DD56A4E1E89E1430066C52F /* Assets.xcassets */; };
		0DD56A521E89E1430066C52F /* LaunchScreen.storyboard in Resources */ = {isa = PBXBuildFile; fileRef = 0DD56A501E89E1430066C52F /* LaunchScreen.storyboard */; };
		0DD56A5D1E89E1430066C52F /* Reezy_ResellsTests.swift in Sources */ = {isa = PBXBuildFile; fileRef = 0DD56A5C1E89E1430066C52F /* Reezy_ResellsTests.swift */; };
		0DD56A681E89E1440066C52F /* Reezy_ResellsUITests.swift in Sources */ = {isa = PBXBuildFile; fileRef = 0DD56A671E89E1440066C52F /* Reezy_ResellsUITests.swift */; };
		0DD56A761E89E3270066C52F /* YoutubeViewController.swift in Sources */ = {isa = PBXBuildFile; fileRef = 0DD56A751E89E3270066C52F /* YoutubeViewController.swift */; };
		0DD56A781E89E3800066C52F /* FBViewController.swift in Sources */ = {isa = PBXBuildFile; fileRef = 0DD56A771E89E3800066C52F /* FBViewController.swift */; };
		1DAB61874FF1F69863FCA1C0 /* libPods-Reezy-Resells.a in Frameworks */ = {isa = PBXBuildFile; fileRef = 5E356C67548854F9D92E6A9D /* libPods-Reezy-Resells.a */; };
/* End PBXBuildFile section */

/* Begin PBXContainerItemProxy section */
		0DD56A591E89E1430066C52F /* PBXContainerItemProxy */ = {
			isa = PBXContainerItemProxy;
			containerPortal = 0DD56A3A1E89E1420066C52F /* Project object */;
			proxyType = 1;
			remoteGlobalIDString = 0DD56A411E89E1430066C52F;
			remoteInfo = "Reezy-Resells";
		};
		0DD56A641E89E1440066C52F /* PBXContainerItemProxy */ = {
			isa = PBXContainerItemProxy;
			containerPortal = 0DD56A3A1E89E1420066C52F /* Project object */;
			proxyType = 1;
			remoteGlobalIDString = 0DD56A411E89E1430066C52F;
			remoteInfo = "Reezy-Resells";
		};
/* End PBXContainerItemProxy section */

/* Begin PBXFileReference section */
		0D090ED81E99BBF10041B748 /* GoogleService-Info.plist */ = {isa = PBXFileReference; fileEncoding = 4; lastKnownFileType = text.plist.xml; path = "GoogleService-Info.plist"; sourceTree = "<group>"; };
		0D1D7CBA1E95DA5B006D6779 /* ContactViewController.swift */ = {isa = PBXFileReference; fileEncoding = 4; lastKnownFileType = sourcecode.swift; path = ContactViewController.swift; sourceTree = "<group>"; };
		0D1D7CBC1E95DCD1006D6779 /* MailViewController.swift */ = {isa = PBXFileReference; fileEncoding = 4; lastKnownFileType = sourcecode.swift; path = MailViewController.swift; sourceTree = "<group>"; };
		0D7CFE8A1E99BF7B00EF92D2 /* Reezy-Resells.entitlements */ = {isa = PBXFileReference; lastKnownFileType = text.plist.entitlements; path = "Reezy-Resells.entitlements"; sourceTree = "<group>"; };
		0DD56A421E89E1430066C52F /* Reezy-Resells.app */ = {isa = PBXFileReference; explicitFileType = wrapper.application; includeInIndex = 0; path = "Reezy-Resells.app"; sourceTree = BUILT_PRODUCTS_DIR; };
		0DD56A451E89E1430066C52F /* AppDelegate.swift */ = {isa = PBXFileReference; lastKnownFileType = sourcecode.swift; path = AppDelegate.swift; sourceTree = "<group>"; };
		0DD56A471E89E1430066C52F /* FirstViewController.swift */ = {isa = PBXFileReference; lastKnownFileType = sourcecode.swift; path = FirstViewController.swift; sourceTree = "<group>"; };
		0DD56A491E89E1430066C52F /* SecondViewController.swift */ = {isa = PBXFileReference; lastKnownFileType = sourcecode.swift; path = SecondViewController.swift; sourceTree = "<group>"; };
		0DD56A4C1E89E1430066C52F /* Base */ = {isa = PBXFileReference; lastKnownFileType = file.storyboard; name = Base; path = Base.lproj/Main.storyboard; sourceTree = "<group>"; };
		0DD56A4E1E89E1430066C52F /* Assets.xcassets */ = {isa = PBXFileReference; lastKnownFileType = folder.assetcatalog; path = Assets.xcassets; sourceTree = "<group>"; };
		0DD56A511E89E1430066C52F /* Base */ = {isa = PBXFileReference; lastKnownFileType = file.storyboard; name = Base; path = Base.lproj/LaunchScreen.storyboard; sourceTree = "<group>"; };
		0DD56A531E89E1430066C52F /* Info.plist */ = {isa = PBXFileReference; lastKnownFileType = text.plist.xml; path = Info.plist; sourceTree = "<group>"; };
		0DD56A581E89E1430066C52F /* Reezy-ResellsTests.xctest */ = {isa = PBXFileReference; explicitFileType = wrapper.cfbundle; includeInIndex = 0; path = "Reezy-ResellsTests.xctest"; sourceTree = BUILT_PRODUCTS_DIR; };
		0DD56A5C1E89E1430066C52F /* Reezy_ResellsTests.swift */ = {isa = PBXFileReference; lastKnownFileType = sourcecode.swift; path = Reezy_ResellsTests.swift; sourceTree = "<group>"; };
		0DD56A5E1E89E1440066C52F /* Info.plist */ = {isa = PBXFileReference; lastKnownFileType = text.plist.xml; path = Info.plist; sourceTree = "<group>"; };
		0DD56A631E89E1440066C52F /* Reezy-ResellsUITests.xctest */ = {isa = PBXFileReference; explicitFileType = wrapper.cfbundle; includeInIndex = 0; path = "Reezy-ResellsUITests.xctest"; sourceTree = BUILT_PRODUCTS_DIR; };
		0DD56A671E89E1440066C52F /* Reezy_ResellsUITests.swift */ = {isa = PBXFileReference; lastKnownFileType = sourcecode.swift; path = Reezy_ResellsUITests.swift; sourceTree = "<group>"; };
		0DD56A691E89E1440066C52F /* Info.plist */ = {isa = PBXFileReference; lastKnownFileType = text.plist.xml; path = Info.plist; sourceTree = "<group>"; };
		0DD56A751E89E3270066C52F /* YoutubeViewController.swift */ = {isa = PBXFileReference; fileEncoding = 4; lastKnownFileType = sourcecode.swift; path = YoutubeViewController.swift; sourceTree = "<group>"; };
		0DD56A771E89E3800066C52F /* FBViewController.swift */ = {isa = PBXFileReference; fileEncoding = 4; lastKnownFileType = sourcecode.swift; path = FBViewController.swift; sourceTree = "<group>"; };
		36E1C0082D6FDEBA27A4AC57 /* Pods-Reezy-Resells.release.xcconfig */ = {isa = PBXFileReference; includeInIndex = 1; lastKnownFileType = text.xcconfig; name = "Pods-Reezy-Resells.release.xcconfig"; path = "Pods/Target Support Files/Pods-Reezy-Resells/Pods-Reezy-Resells.release.xcconfig"; sourceTree = "<group>"; };
		5E356C67548854F9D92E6A9D /* libPods-Reezy-Resells.a */ = {isa = PBXFileReference; explicitFileType = archive.ar; includeInIndex = 0; path = "libPods-Reezy-Resells.a"; sourceTree = BUILT_PRODUCTS_DIR; };
		65D7C94F97E879F047E1FAF3 /* Pods-Reezy-Resells.debug.xcconfig */ = {isa = PBXFileReference; includeInIndex = 1; lastKnownFileType = text.xcconfig; name = "Pods-Reezy-Resells.debug.xcconfig"; path = "Pods/Target Support Files/Pods-Reezy-Resells/Pods-Reezy-Resells.debug.xcconfig"; sourceTree = "<group>"; };
/* End PBXFileReference section */

/* Begin PBXFrameworksBuildPhase section */
		0DD56A3F1E89E1430066C52F /* Frameworks */ = {
			isa = PBXFrameworksBuildPhase;
			buildActionMask = 2147483647;
			files = (
				1DAB61874FF1F69863FCA1C0 /* libPods-Reezy-Resells.a in Frameworks */,
			);
			runOnlyForDeploymentPostprocessing = 0;
		};
		0DD56A551E89E1430066C52F /* Frameworks */ = {
			isa = PBXFrameworksBuildPhase;
			buildActionMask = 2147483647;
			files = (
			);
			runOnlyForDeploymentPostprocessing = 0;
		};
		0DD56A601E89E1440066C52F /* Frameworks */ = {
			isa = PBXFrameworksBuildPhase;
			buildActionMask = 2147483647;
			files = (
			);
			runOnlyForDeploymentPostprocessing = 0;
		};
/* End PBXFrameworksBuildPhase section */

/* Begin PBXGroup section */
		0DD56A391E89E1420066C52F = {
			isa = PBXGroup;
			children = (
				0D090ED81E99BBF10041B748 /* GoogleService-Info.plist */,
				0DD56A441E89E1430066C52F /* Reezy-Resells */,
				0DD56A5B1E89E1430066C52F /* Reezy-ResellsTests */,
				0DD56A661E89E1440066C52F /* Reezy-ResellsUITests */,
				0DD56A431E89E1430066C52F /* Products */,
				3361472D6306D9714802AC8F /* Pods */,
				D0152380D5EA7B4A5ACC27C0 /* Frameworks */,
			);
			sourceTree = "<group>";
		};
		0DD56A431E89E1430066C52F /* Products */ = {
			isa = PBXGroup;
			children = (
				0DD56A421E89E1430066C52F /* Reezy-Resells.app */,
				0DD56A581E89E1430066C52F /* Reezy-ResellsTests.xctest */,
				0DD56A631E89E1440066C52F /* Reezy-ResellsUITests.xctest */,
			);
			name = Products;
			sourceTree = "<group>";
		};
		0DD56A441E89E1430066C52F /* Reezy-Resells */ = {
			isa = PBXGroup;
			children = (
				0D7CFE8A1E99BF7B00EF92D2 /* Reezy-Resells.entitlements */,
				0DD56A451E89E1430066C52F /* AppDelegate.swift */,
				0DD56A471E89E1430066C52F /* FirstViewController.swift */,
				0DD56A491E89E1430066C52F /* SecondViewController.swift */,
				0DD56A4B1E89E1430066C52F /* Main.storyboard */,
				0D1D7CBC1E95DCD1006D6779 /* MailViewController.swift */,
				0D1D7CBA1E95DA5B006D6779 /* ContactViewController.swift */,
				0DD56A771E89E3800066C52F /* FBViewController.swift */,
				0DD56A751E89E3270066C52F /* YoutubeViewController.swift */,
				0DD56A4E1E89E1430066C52F /* Assets.xcassets */,
				0DD56A501E89E1430066C52F /* LaunchScreen.storyboard */,
				0DD56A531E89E1430066C52F /* Info.plist */,
			);
			path = "Reezy-Resells";
			sourceTree = "<group>";
		};
		0DD56A5B1E89E1430066C52F /* Reezy-ResellsTests */ = {
			isa = PBXGroup;
			children = (
				0DD56A5C1E89E1430066C52F /* Reezy_ResellsTests.swift */,
				0DD56A5E1E89E1440066C52F /* Info.plist */,
			);
			path = "Reezy-ResellsTests";
			sourceTree = "<group>";
		};
		0DD56A661E89E1440066C52F /* Reezy-ResellsUITests */ = {
			isa = PBXGroup;
			children = (
				0DD56A671E89E1440066C52F /* Reezy_ResellsUITests.swift */,
				0DD56A691E89E1440066C52F /* Info.plist */,
			);
			path = "Reezy-ResellsUITests";
			sourceTree = "<group>";
		};
		3361472D6306D9714802AC8F /* Pods */ = {
			isa = PBXGroup;
			children = (
				65D7C94F97E879F047E1FAF3 /* Pods-Reezy-Resells.debug.xcconfig */,
				36E1C0082D6FDEBA27A4AC57 /* Pods-Reezy-Resells.release.xcconfig */,
			);
			name = Pods;
			sourceTree = "<group>";
		};
		D0152380D5EA7B4A5ACC27C0 /* Frameworks */ = {
			isa = PBXGroup;
			children = (
				5E356C67548854F9D92E6A9D /* libPods-Reezy-Resells.a */,
			);
			name = Frameworks;
			sourceTree = "<group>";
		};
/* End PBXGroup section */

/* Begin PBXNativeTarget section */
		0DD56A411E89E1430066C52F /* Reezy-Resells */ = {
			isa = PBXNativeTarget;
			buildConfigurationList = 0DD56A6C1E89E1440066C52F /* Build configuration list for PBXNativeTarget "Reezy-Resells" */;
			buildPhases = (
				7FE27889245BAFC342B579A0 /* [CP] Check Pods Manifest.lock */,
				0DD56A3E1E89E1430066C52F /* Sources */,
				0DD56A3F1E89E1430066C52F /* Frameworks */,
				0DD56A401E89E1430066C52F /* Resources */,
				0B65DC0D68B76AFFF813D014 /* [CP] Embed Pods Frameworks */,
				40A8BDE093CE2F9ED977A1EB /* [CP] Copy Pods Resources */,
			);
			buildRules = (
			);
			dependencies = (
			);
			name = "Reezy-Resells";
			productName = "Reezy-Resells";
			productReference = 0DD56A421E89E1430066C52F /* Reezy-Resells.app */;
			productType = "com.apple.product-type.application";
		};
		0DD56A571E89E1430066C52F /* Reezy-ResellsTests */ = {
			isa = PBXNativeTarget;
			buildConfigurationList = 0DD56A6F1E89E1440066C52F /* Build configuration list for PBXNativeTarget "Reezy-ResellsTests" */;
			buildPhases = (
				0DD56A541E89E1430066C52F /* Sources */,
				0DD56A551E89E1430066C52F /* Frameworks */,
				0DD56A561E89E1430066C52F /* Resources */,
			);
			buildRules = (
			);
			dependencies = (
				0DD56A5A1E89E1430066C52F /* PBXTargetDependency */,
			);
			name = "Reezy-ResellsTests";
			productName = "Reezy-ResellsTests";
			productReference = 0DD56A581E89E1430066C52F /* Reezy-ResellsTests.xctest */;
			productType = "com.apple.product-type.bundle.unit-test";
		};
		0DD56A621E89E1440066C52F /* Reezy-ResellsUITests */ = {
			isa = PBXNativeTarget;
			buildConfigurationList = 0DD56A721E89E1440066C52F /* Build configuration list for PBXNativeTarget "Reezy-ResellsUITests" */;
			buildPhases = (
				0DD56A5F1E89E1440066C52F /* Sources */,
				0DD56A601E89E1440066C52F /* Frameworks */,
				0DD56A611E89E1440066C52F /* Resources */,
			);
			buildRules = (
			);
			dependencies = (
				0DD56A651E89E1440066C52F /* PBXTargetDependency */,
			);
			name = "Reezy-ResellsUITests";
			productName = "Reezy-ResellsUITests";
			productReference = 0DD56A631E89E1440066C52F /* Reezy-ResellsUITests.xctest */;
			productType = "com.apple.product-type.bundle.ui-testing";
		};
/* End PBXNativeTarget section */

/* Begin PBXProject section */
		0DD56A3A1E89E1420066C52F /* Project object */ = {
			isa = PBXProject;
			attributes = {
				LastSwiftUpdateCheck = 0820;
				LastUpgradeCheck = 0820;
				ORGANIZATIONNAME = "Alpha Dev";
				TargetAttributes = {
					0DD56A411E89E1430066C52F = {
						CreatedOnToolsVersion = 8.2.1;
						DevelopmentTeam = CWAAPTL6QZ;
						ProvisioningStyle = Automatic;
						SystemCapabilities = {
							com.apple.BackgroundModes = {
								enabled = 1;
							};
							com.apple.Push = {
								enabled = 1;
							};
						};
					};
					0DD56A571E89E1430066C52F = {
						CreatedOnToolsVersion = 8.2.1;
						DevelopmentTeam = CWAAPTL6QZ;
						ProvisioningStyle = Automatic;
						TestTargetID = 0DD56A411E89E1430066C52F;
					};
					0DD56A621E89E1440066C52F = {
						CreatedOnToolsVersion = 8.2.1;
						DevelopmentTeam = CWAAPTL6QZ;
						ProvisioningStyle = Automatic;
						TestTargetID = 0DD56A411E89E1430066C52F;
					};
				};
			};
			buildConfigurationList = 0DD56A3D1E89E1420066C52F /* Build configuration list for PBXProject "Reezy-Resells" */;
			compatibilityVersion = "Xcode 3.2";
			developmentRegion = English;
			hasScannedForEncodings = 0;
			knownRegions = (
				en,
				Base,
			);
			mainGroup = 0DD56A391E89E1420066C52F;
			productRefGroup = 0DD56A431E89E1430066C52F /* Products */;
			projectDirPath = "";
			projectRoot = "";
			targets = (
				0DD56A411E89E1430066C52F /* Reezy-Resells */,
				0DD56A571E89E1430066C52F /* Reezy-ResellsTests */,
				0DD56A621E89E1440066C52F /* Reezy-ResellsUITests */,
			);
		};
/* End PBXProject section */

/* Begin PBXResourcesBuildPhase section */
		0DD56A401E89E1430066C52F /* Resources */ = {
			isa = PBXResourcesBuildPhase;
			buildActionMask = 2147483647;
			files = (
				0DD56A521E89E1430066C52F /* LaunchScreen.storyboard in Resources */,
				0D090ED91E99BBF10041B748 /* GoogleService-Info.plist in Resources */,
				0DD56A4F1E89E1430066C52F /* Assets.xcassets in Resources */,
				0DD56A4D1E89E1430066C52F /* Main.storyboard in Resources */,
			);
			runOnlyForDeploymentPostprocessing = 0;
		};
		0DD56A561E89E1430066C52F /* Resources */ = {
			isa = PBXResourcesBuildPhase;
			buildActionMask = 2147483647;
			files = (
			);
			runOnlyForDeploymentPostprocessing = 0;
		};
		0DD56A611E89E1440066C52F /* Resources */ = {
			isa = PBXResourcesBuildPhase;
			buildActionMask = 2147483647;
			files = (
			);
			runOnlyForDeploymentPostprocessing = 0;
		};
/* End PBXResourcesBuildPhase section */

/* Begin PBXShellScriptBuildPhase section */
		0B65DC0D68B76AFFF813D014 /* [CP] Embed Pods Frameworks */ = {
			isa = PBXShellScriptBuildPhase;
			buildActionMask = 2147483647;
			files = (
			);
			inputPaths = (
			);
			name = "[CP] Embed Pods Frameworks";
			outputPaths = (
			);
			runOnlyForDeploymentPostprocessing = 0;
			shellPath = /bin/sh;
			shellScript = "\"${SRCROOT}/Pods/Target Support Files/Pods-Reezy-Resells/Pods-Reezy-Resells-frameworks.sh\"\n";
			showEnvVarsInLog = 0;
		};
		40A8BDE093CE2F9ED977A1EB /* [CP] Copy Pods Resources */ = {
			isa = PBXShellScriptBuildPhase;
			buildActionMask = 2147483647;
			files = (
			);
			inputPaths = (
			);
			name = "[CP] Copy Pods Resources";
			outputPaths = (
			);
			runOnlyForDeploymentPostprocessing = 0;
			shellPath = /bin/sh;
			shellScript = "\"${SRCROOT}/Pods/Target Support Files/Pods-Reezy-Resells/Pods-Reezy-Resells-resources.sh\"\n";
			showEnvVarsInLog = 0;
		};
		7FE27889245BAFC342B579A0 /* [CP] Check Pods Manifest.lock */ = {
			isa = PBXShellScriptBuildPhase;
			buildActionMask = 2147483647;
			files = (
			);
			inputPaths = (
			);
			name = "[CP] Check Pods Manifest.lock";
			outputPaths = (
			);
			runOnlyForDeploymentPostprocessing = 0;
			shellPath = /bin/sh;
			shellScript = "diff \"${PODS_ROOT}/../Podfile.lock\" \"${PODS_ROOT}/Manifest.lock\" > /dev/null\nif [ $? != 0 ] ; then\n    # print error to STDERR\n    echo \"error: The sandbox is not in sync with the Podfile.lock. Run 'pod install' or update your CocoaPods installation.\" >&2\n    exit 1\nfi\n";
			showEnvVarsInLog = 0;
		};
/* End PBXShellScriptBuildPhase section */

/* Begin PBXSourcesBuildPhase section */
		0DD56A3E1E89E1430066C52F /* Sources */ = {
			isa = PBXSourcesBuildPhase;
			buildActionMask = 2147483647;
			files = (
				0DD56A4A1E89E1430066C52F /* SecondViewController.swift in Sources */,
				0D1D7CBD1E95DCD1006D6779 /* MailViewController.swift in Sources */,
				0DD56A461E89E1430066C52F /* AppDelegate.swift in Sources */,
				0DD56A781E89E3800066C52F /* FBViewController.swift in Sources */,
				0DD56A761E89E3270066C52F /* YoutubeViewController.swift in Sources */,
				0DD56A481E89E1430066C52F /* FirstViewController.swift in Sources */,
				0D1D7CBB1E95DA5B006D6779 /* ContactViewController.swift in Sources */,
			);
			runOnlyForDeploymentPostprocessing = 0;
		};
		0DD56A541E89E1430066C52F /* Sources */ = {
			isa = PBXSourcesBuildPhase;
			buildActionMask = 2147483647;
			files = (
				0DD56A5D1E89E1430066C52F /* Reezy_ResellsTests.swift in Sources */,
			);
			runOnlyForDeploymentPostprocessing = 0;
		};
		0DD56A5F1E89E1440066C52F /* Sources */ = {
			isa = PBXSourcesBuildPhase;
			buildActionMask = 2147483647;
			files = (
				0DD56A681E89E1440066C52F /* Reezy_ResellsUITests.swift in Sources */,
			);
			runOnlyForDeploymentPostprocessing = 0;
		};
/* End PBXSourcesBuildPhase section */

/* Begin PBXTargetDependency section */
		0DD56A5A1E89E1430066C52F /* PBXTargetDependency */ = {
			isa = PBXTargetDependency;
			target = 0DD56A411E89E1430066C52F /* Reezy-Resells */;
			targetProxy = 0DD56A591E89E1430066C52F /* PBXContainerItemProxy */;
		};
		0DD56A651E89E1440066C52F /* PBXTargetDependency */ = {
			isa = PBXTargetDependency;
			target = 0DD56A411E89E1430066C52F /* Reezy-Resells */;
			targetProxy = 0DD56A641E89E1440066C52F /* PBXContainerItemProxy */;
		};
/* End PBXTargetDependency section */

/* Begin PBXVariantGroup section */
		0DD56A4B1E89E1430066C52F /* Main.storyboard */ = {
			isa = PBXVariantGroup;
			children = (
				0DD56A4C1E89E1430066C52F /* Base */,
			);
			name = Main.storyboard;
			sourceTree = "<group>";
		};
		0DD56A501E89E1430066C52F /* LaunchScreen.storyboard */ = {
			isa = PBXVariantGroup;
			children = (
				0DD56A511E89E1430066C52F /* Base */,
			);
			name = LaunchScreen.storyboard;
			sourceTree = "<group>";
		};
/* End PBXVariantGroup section */

/* Begin XCBuildConfiguration section */
		0DD56A6A1E89E1440066C52F /* Debug */ = {
			isa = XCBuildConfiguration;
			buildSettings = {
				ALWAYS_SEARCH_USER_PATHS = NO;
				CLANG_ANALYZER_NONNULL = YES;
				CLANG_CXX_LANGUAGE_STANDARD = "gnu++0x";
				CLANG_CXX_LIBRARY = "libc++";
				CLANG_ENABLE_MODULES = YES;
				CLANG_ENABLE_OBJC_ARC = YES;
				CLANG_WARN_BOOL_CONVERSION = YES;
				CLANG_WARN_CONSTANT_CONVERSION = YES;
				CLANG_WARN_DIRECT_OBJC_ISA_USAGE = YES_ERROR;
				CLANG_WARN_DOCUMENTATION_COMMENTS = YES;
				CLANG_WARN_EMPTY_BODY = YES;
				CLANG_WARN_ENUM_CONVERSION = YES;
				CLANG_WARN_INFINITE_RECURSION = YES;
				CLANG_WARN_INT_CONVERSION = YES;
				CLANG_WARN_OBJC_ROOT_CLASS = YES_ERROR;
				CLANG_WARN_SUSPICIOUS_MOVE = YES;
				CLANG_WARN_UNREACHABLE_CODE = YES;
				CLANG_WARN__DUPLICATE_METHOD_MATCH = YES;
				"CODE_SIGN_IDENTITY[sdk=iphoneos*]" = "iPhone Developer";
				COPY_PHASE_STRIP = NO;
				DEBUG_INFORMATION_FORMAT = dwarf;
				ENABLE_STRICT_OBJC_MSGSEND = YES;
				ENABLE_TESTABILITY = YES;
				GCC_C_LANGUAGE_STANDARD = gnu99;
				GCC_DYNAMIC_NO_PIC = NO;
				GCC_NO_COMMON_BLOCKS = YES;
				GCC_OPTIMIZATION_LEVEL = 0;
				GCC_PREPROCESSOR_DEFINITIONS = (
					"DEBUG=1",
					"$(inherited)",
				);
				GCC_WARN_64_TO_32_BIT_CONVERSION = YES;
				GCC_WARN_ABOUT_RETURN_TYPE = YES_ERROR;
				GCC_WARN_UNDECLARED_SELECTOR = YES;
				GCC_WARN_UNINITIALIZED_AUTOS = YES_AGGRESSIVE;
				GCC_WARN_UNUSED_FUNCTION = YES;
				GCC_WARN_UNUSED_VARIABLE = YES;
				IPHONEOS_DEPLOYMENT_TARGET = 10.2;
				MTL_ENABLE_DEBUG_INFO = YES;
				ONLY_ACTIVE_ARCH = YES;
				SDKROOT = iphoneos;
				SWIFT_ACTIVE_COMPILATION_CONDITIONS = DEBUG;
				SWIFT_OPTIMIZATION_LEVEL = "-Onone";
				TARGETED_DEVICE_FAMILY = "1,2";
			};
			name = Debug;
		};
		0DD56A6B1E89E1440066C52F /* Release */ = {
			isa = XCBuildConfiguration;
			buildSettings = {
				ALWAYS_SEARCH_USER_PATHS = NO;
				CLANG_ANALYZER_NONNULL = YES;
				CLANG_CXX_LANGUAGE_STANDARD = "gnu++0x";
				CLANG_CXX_LIBRARY = "libc++";
				CLANG_ENABLE_MODULES = YES;
				CLANG_ENABLE_OBJC_ARC = YES;
				CLANG_WARN_BOOL_CONVERSION = YES;
				CLANG_WARN_CONSTANT_CONVERSION = YES;
				CLANG_WARN_DIRECT_OBJC_ISA_USAGE = YES_ERROR;
				CLANG_WARN_DOCUMENTATION_COMMENTS = YES;
				CLANG_WARN_EMPTY_BODY = YES;
				CLANG_WARN_ENUM_CONVERSION = YES;
				CLANG_WARN_INFINITE_RECURSION = YES;
				CLANG_WARN_INT_CONVERSION = YES;
				CLANG_WARN_OBJC_ROOT_CLASS = YES_ERROR;
				CLANG_WARN_SUSPICIOUS_MOVE = YES;
				CLANG_WARN_UNREACHABLE_CODE = YES;
				CLANG_WARN__DUPLICATE_METHOD_MATCH = YES;
				"CODE_SIGN_IDENTITY[sdk=iphoneos*]" = "iPhone Developer";
				COPY_PHASE_STRIP = NO;
				DEBUG_INFORMATION_FORMAT = "dwarf-with-dsym";
				ENABLE_NS_ASSERTIONS = NO;
				ENABLE_STRICT_OBJC_MSGSEND = YES;
				GCC_C_LANGUAGE_STANDARD = gnu99;
				GCC_NO_COMMON_BLOCKS = YES;
				GCC_WARN_64_TO_32_BIT_CONVERSION = YES;
				GCC_WARN_ABOUT_RETURN_TYPE = YES_ERROR;
				GCC_WARN_UNDECLARED_SELECTOR = YES;
				GCC_WARN_UNINITIALIZED_AUTOS = YES_AGGRESSIVE;
				GCC_WARN_UNUSED_FUNCTION = YES;
				GCC_WARN_UNUSED_VARIABLE = YES;
				IPHONEOS_DEPLOYMENT_TARGET = 10.2;
				MTL_ENABLE_DEBUG_INFO = NO;
				SDKROOT = iphoneos;
				SWIFT_OPTIMIZATION_LEVEL = "-Owholemodule";
				TARGETED_DEVICE_FAMILY = "1,2";
				VALIDATE_PRODUCT = YES;
			};
			name = Release;
		};
		0DD56A6D1E89E1440066C52F /* Debug */ = {
			isa = XCBuildConfiguration;
			baseConfigurationReference = 65D7C94F97E879F047E1FAF3 /* Pods-Reezy-Resells.debug.xcconfig */;
			buildSettings = {
				ASSETCATALOG_COMPILER_APPICON_NAME = AppIcon;
				CODE_SIGN_ENTITLEMENTS = "Reezy-Resells/Reezy-Resells.entitlements";
				DEVELOPMENT_TEAM = CWAAPTL6QZ;
				INFOPLIST_FILE = "Reezy-Resells/Info.plist";
				LD_RUNPATH_SEARCH_PATHS = "$(inherited) @executable_path/Frameworks";
				PRODUCT_BUNDLE_IDENTIFIER = "AlphaDev.Reezy-Resells";
				PRODUCT_NAME = "$(TARGET_NAME)";
				SWIFT_VERSION = 3.0;
			};
			name = Debug;
		};
		0DD56A6E1E89E1440066C52F /* Release */ = {
			isa = XCBuildConfiguration;
			baseConfigurationReference = 36E1C0082D6FDEBA27A4AC57 /* Pods-Reezy-Resells.release.xcconfig */;
			buildSettings = {
				ASSETCATALOG_COMPILER_APPICON_NAME = AppIcon;
				CODE_SIGN_ENTITLEMENTS = "Reezy-Resells/Reezy-Resells.entitlements";
				DEVELOPMENT_TEAM = CWAAPTL6QZ;
				INFOPLIST_FILE = "Reezy-Resells/Info.plist";
				LD_RUNPATH_SEARCH_PATHS = "$(inherited) @executable_path/Frameworks";
				PRODUCT_BUNDLE_IDENTIFIER = "AlphaDev.Reezy-Resells";
				PRODUCT_NAME = "$(TARGET_NAME)";
				SWIFT_VERSION = 3.0;
			};
			name = Release;
		};
		0DD56A701E89E1440066C52F /* Debug */ = {
			isa = XCBuildConfiguration;
			buildSettings = {
				ALWAYS_EMBED_SWIFT_STANDARD_LIBRARIES = YES;
				BUNDLE_LOADER = "$(TEST_HOST)";
				DEVELOPMENT_TEAM = CWAAPTL6QZ;
				INFOPLIST_FILE = "Reezy-ResellsTests/Info.plist";
				LD_RUNPATH_SEARCH_PATHS = "$(inherited) @executable_path/Frameworks @loader_path/Frameworks";
				PRODUCT_BUNDLE_IDENTIFIER = "AlphaDev.Reezy-ResellsTests";
				PRODUCT_NAME = "$(TARGET_NAME)";
				SWIFT_VERSION = 3.0;
				TEST_HOST = "$(BUILT_PRODUCTS_DIR)/Reezy-Resells.app/Reezy-Resells";
			};
			name = Debug;
		};
		0DD56A711E89E1440066C52F /* Release */ = {
			isa = XCBuildConfiguration;
			buildSettings = {
				ALWAYS_EMBED_SWIFT_STANDARD_LIBRARIES = YES;
				BUNDLE_LOADER = "$(TEST_HOST)";
				DEVELOPMENT_TEAM = CWAAPTL6QZ;
				INFOPLIST_FILE = "Reezy-ResellsTests/Info.plist";
				LD_RUNPATH_SEARCH_PATHS = "$(inherited) @executable_path/Frameworks @loader_path/Frameworks";
				PRODUCT_BUNDLE_IDENTIFIER = "AlphaDev.Reezy-ResellsTests";
				PRODUCT_NAME = "$(TARGET_NAME)";
				SWIFT_VERSION = 3.0;
				TEST_HOST = "$(BUILT_PRODUCTS_DIR)/Reezy-Resells.app/Reezy-Resells";
			};
			name = Release;
		};
		0DD56A731E89E1440066C52F /* Debug */ = {
			isa = XCBuildConfiguration;
			buildSettings = {
				ALWAYS_EMBED_SWIFT_STANDARD_LIBRARIES = YES;
				DEVELOPMENT_TEAM = CWAAPTL6QZ;
				INFOPLIST_FILE = "Reezy-ResellsUITests/Info.plist";
				LD_RUNPATH_SEARCH_PATHS = "$(inherited) @executable_path/Frameworks @loader_path/Frameworks";
				PRODUCT_BUNDLE_IDENTIFIER = "AlphaDev.Reezy-ResellsUITests";
				PRODUCT_NAME = "$(TARGET_NAME)";
				SWIFT_VERSION = 3.0;
				TEST_TARGET_NAME = "Reezy-Resells";
			};
			name = Debug;
		};
		0DD56A741E89E1440066C52F /* Release */ = {
			isa = XCBuildConfiguration;
			buildSettings = {
				ALWAYS_EMBED_SWIFT_STANDARD_LIBRARIES = YES;
				DEVELOPMENT_TEAM = CWAAPTL6QZ;
				INFOPLIST_FILE = "Reezy-ResellsUITests/Info.plist";
				LD_RUNPATH_SEARCH_PATHS = "$(inherited) @executable_path/Frameworks @loader_path/Frameworks";
				PRODUCT_BUNDLE_IDENTIFIER = "AlphaDev.Reezy-ResellsUITests";
				PRODUCT_NAME = "$(TARGET_NAME)";
				SWIFT_VERSION = 3.0;
				TEST_TARGET_NAME = "Reezy-Resells";
			};
			name = Release;
		};
/* End XCBuildConfiguration section */

/* Begin XCConfigurationList section */
		0DD56A3D1E89E1420066C52F /* Build configuration list for PBXProject "Reezy-Resells" */ = {
			isa = XCConfigurationList;
			buildConfigurations = (
				0DD56A6A1E89E1440066C52F /* Debug */,
				0DD56A6B1E89E1440066C52F /* Release */,
			);
			defaultConfigurationIsVisible = 0;
			defaultConfigurationName = Release;
		};
		0DD56A6C1E89E1440066C52F /* Build configuration list for PBXNativeTarget "Reezy-Resells" */ = {
			isa = XCConfigurationList;
			buildConfigurations = (
				0DD56A6D1E89E1440066C52F /* Debug */,
				0DD56A6E1E89E1440066C52F /* Release */,
			);
			defaultConfigurationIsVisible = 0;
			defaultConfigurationName = Release;
		};
		0DD56A6F1E89E1440066C52F /* Build configuration list for PBXNativeTarget "Reezy-ResellsTests" */ = {
			isa = XCConfigurationList;
			buildConfigurations = (
				0DD56A701E89E1440066C52F /* Debug */,
				0DD56A711E89E1440066C52F /* Release */,
			);
			defaultConfigurationIsVisible = 0;
			defaultConfigurationName = Release;
		};
		0DD56A721E89E1440066C52F /* Build configuration list for PBXNativeTarget "Reezy-ResellsUITests" */ = {
			isa = XCConfigurationList;
			buildConfigurations = (
				0DD56A731E89E1440066C52F /* Debug */,
				0DD56A741E89E1440066C52F /* Release */,
			);
			defaultConfigurationIsVisible = 0;
			defaultConfigurationName = Release;
		};
/* End XCConfigurationList section */
	};
	rootObject = 0DD56A3A1E89E1420066C52F /* Project object */;
}
