<?xml version="1.0" encoding="UTF-8"?>
<Scheme
   LastUpgradeVersion = "0820"
   version = "1.3">
   <BuildAction
      parallelizeBuildables = "YES"
      buildImplicitDependencies = "YES">
      <BuildActionEntries>
         <BuildActionEntry
            buildForTesting = "YES"
            buildForRunning = "YES"
            buildForProfiling = "YES"
            buildForArchiving = "YES"
            buildForAnalyzing = "YES">
            <BuildableReference
               BuildableIdentifier = "primary"
               BlueprintIdentifier = "0DD56A411E89E1430066C52F"
               BuildableName = "Reezy-Resells.app"
               BlueprintName = "Reezy-Resells"
               ReferencedContainer = "container:Reezy-Resells.xcodeproj">
            </BuildableReference>
         </BuildActionEntry>
      </BuildActionEntries>
   </BuildAction>
   <TestAction
      buildConfiguration = "Debug"
      selectedDebuggerIdentifier = "Xcode.DebuggerFoundation.Debugger.LLDB"
      selectedLauncherIdentifier = "Xcode.DebuggerFoundation.Launcher.LLDB"
      shouldUseLaunchSchemeArgsEnv = "YES">
      <Testables>
         <TestableReference
            skipped = "NO">
            <BuildableReference
               BuildableIdentifier = "primary"
               BlueprintIdentifier = "0DD56A571E89E1430066C52F"
               BuildableName = "Reezy-ResellsTests.xctest"
               BlueprintName = "Reezy-ResellsTests"
               ReferencedContainer = "container:Reezy-Resells.xcodeproj">
            </BuildableReference>
         </TestableReference>
         <TestableReference
            skipped = "NO">
            <BuildableReference
               BuildableIdentifier = "primary"
               BlueprintIdentifier = "0DD56A621E89E1440066C52F"
               BuildableName = "Reezy-ResellsUITests.xctest"
               BlueprintName = "Reezy-ResellsUITests"
               ReferencedContainer = "container:Reezy-Resells.xcodeproj">
            </BuildableReference>
         </TestableReference>
      </Testables>
      <MacroExpansion>
         <BuildableReference
            BuildableIdentifier = "primary"
            BlueprintIdentifier = "0DD56A411E89E1430066C52F"
            BuildableName = "Reezy-Resells.app"
            BlueprintName = "Reezy-Resells"
            ReferencedContainer = "container:Reezy-Resells.xcodeproj">
         </BuildableReference>
      </MacroExpansion>
      <AdditionalOptions>
      </AdditionalOptions>
   </TestAction>
   <LaunchAction
      buildConfiguration = "Debug"
      selectedDebuggerIdentifier = "Xcode.DebuggerFoundation.Debugger.LLDB"
      selectedLauncherIdentifier = "Xcode.DebuggerFoundation.Launcher.LLDB"
      launchStyle = "0"
      useCustomWorkingDirectory = "NO"
      ignoresPersistentStateOnLaunch = "NO"
      debugDocumentVersioning = "YES"
      debugServiceExtension = "internal"
      allowLocationSimulation = "YES">
      <BuildableProductRunnable
         runnableDebuggingMode = "0">
         <BuildableReference
            BuildableIdentifier = "primary"
            BlueprintIdentifier = "0DD56A411E89E1430066C52F"
            BuildableName = "Reezy-Resells.app"
            BlueprintName = "Reezy-Resells"
            ReferencedContainer = "container:Reezy-Resells.xcodeproj">
         </BuildableReference>
      </BuildableProductRunnable>
      <AdditionalOptions>
      </AdditionalOptions>
   </LaunchAction>
   <ProfileAction
      buildConfiguration = "Release"
      shouldUseLaunchSchemeArgsEnv = "YES"
      savedToolIdentifier = ""
      useCustomWorkingDirectory = "NO"
      debugDocumentVersioning = "YES">
      <BuildableProductRunnable
         runnableDebuggingMode = "0">
         <BuildableReference
            BuildableIdentifier = "primary"
            BlueprintIdentifier = "0DD56A411E89E1430066C52F"
            BuildableName = "Reezy-Resells.app"
            BlueprintName = "Reezy-Resells"
            ReferencedContainer = "container:Reezy-Resells.xcodeproj">
         </BuildableReference>
      </BuildableProductRunnable>
   </ProfileAction>
   <AnalyzeAction
      buildConfiguration = "Debug">
   </AnalyzeAction>
   <ArchiveAction
      buildConfiguration = "Release"
      revealArchiveInOrganizer = "YES">
   </ArchiveAction>
</Scheme>
